// !$*UTF8*$!
{
	archiveVersion = 1;
	classes = {
	};
	objectVersion = 50;
	objects = {

/* Begin PBXBuildFile section */
		7FE2608C26A014DA00A23478 /* AppDelegate.swift in Sources */ = {isa = PBXBuildFile; fileRef = 7FE2608B26A014DA00A23478 /* AppDelegate.swift */; };
		7FE2608E26A014DA00A23478 /* SceneDelegate.swift in Sources */ = {isa = PBXBuildFile; fileRef = 7FE2608D26A014DA00A23478 /* SceneDelegate.swift */; };
		7FE2609026A014DA00A23478 /* ViewController.swift in Sources */ = {isa = PBXBuildFile; fileRef = 7FE2608F26A014DA00A23478 /* ViewController.swift */; };
		7FE2609326A014DA00A23478 /* Main.storyboard in Resources */ = {isa = PBXBuildFile; fileRef = 7FE2609126A014DA00A23478 /* Main.storyboard */; };
		7FE2609526A014E300A23478 /* Assets.xcassets in Resources */ = {isa = PBXBuildFile; fileRef = 7FE2609426A014E300A23478 /* Assets.xcassets */; };
		7FE2609826A014E300A23478 /* LaunchScreen.storyboard in Resources */ = {isa = PBXBuildFile; fileRef = 7FE2609626A014E300A23478 /* LaunchScreen.storyboard */; };
		7FE260A226A02C8400A23478 /* SlidingView.swift in Sources */ = {isa = PBXBuildFile; fileRef = 7FE260A126A02C8400A23478 /* SlidingView.swift */; };
/* End PBXBuildFile section */

/* Begin PBXFileReference section */
		7FE2608826A014DA00A23478 /* IOSJourney.app */ = {isa = PBXFileReference; explicitFileType = wrapper.application; includeInIndex = 0; path = IOSJourney.app; sourceTree = BUILT_PRODUCTS_DIR; };
		7FE2608B26A014DA00A23478 /* AppDelegate.swift */ = {isa = PBXFileReference; lastKnownFileType = sourcecode.swift; path = AppDelegate.swift; sourceTree = "<group>"; };
		7FE2608D26A014DA00A23478 /* SceneDelegate.swift */ = {isa = PBXFileReference; lastKnownFileType = sourcecode.swift; path = SceneDelegate.swift; sourceTree = "<group>"; };
		7FE2608F26A014DA00A23478 /* ViewController.swift */ = {isa = PBXFileReference; lastKnownFileType = sourcecode.swift; path = ViewController.swift; sourceTree = "<group>"; };
		7FE2609226A014DA00A23478 /* Base */ = {isa = PBXFileReference; lastKnownFileType = file.storyboard; name = Base; path = Base.lproj/Main.storyboard; sourceTree = "<group>"; };
		7FE2609426A014E300A23478 /* Assets.xcassets */ = {isa = PBXFileReference; lastKnownFileType = folder.assetcatalog; path = Assets.xcassets; sourceTree = "<group>"; };
		7FE2609726A014E300A23478 /* Base */ = {isa = PBXFileReference; lastKnownFileType = file.storyboard; name = Base; path = Base.lproj/LaunchScreen.storyboard; sourceTree = "<group>"; };
		7FE2609926A014E300A23478 /* Info.plist */ = {isa = PBXFileReference; lastKnownFileType = text.plist.xml; path = Info.plist; sourceTree = "<group>"; };
		7FE260A126A02C8400A23478 /* SlidingView.swift */ = {isa = PBXFileReference; lastKnownFileType = sourcecode.swift; path = SlidingView.swift; sourceTree = "<group>"; };
/* End PBXFileReference section */

/* Begin PBXFrameworksBuildPhase section */
		7FE2608526A014DA00A23478 /* Frameworks */ = {
			isa = PBXFrameworksBuildPhase;
			buildActionMask = 2147483647;
			files = (
			);
			runOnlyForDeploymentPostprocessing = 0;
		};
/* End PBXFrameworksBuildPhase section */

/* Begin PBXGroup section */
		7FE2607F26A014DA00A23478 = {
			isa = PBXGroup;
			children = (
				7FE2608A26A014DA00A23478 /* IOSJourney */,
				7FE2608926A014DA00A23478 /* Products */,
			);
			sourceTree = "<group>";
		};
		7FE2608926A014DA00A23478 /* Products */ = {
			isa = PBXGroup;
			children = (
				7FE2608826A014DA00A23478 /* IOSJourney.app */,
			);
			name = Products;
			sourceTree = "<group>";
		};
		7FE2608A26A014DA00A23478 /* IOSJourney */ = {
			isa = PBXGroup;
			children = (
				7FE260A026A02C6B00A23478 /* popup animation */,
				7FE2608B26A014DA00A23478 /* AppDelegate.swift */,
				7FE2608D26A014DA00A23478 /* SceneDelegate.swift */,
				7FE2608F26A014DA00A23478 /* ViewController.swift */,
				7FE2609126A014DA00A23478 /* Main.storyboard */,
				7FE2609426A014E300A23478 /* Assets.xcassets */,
				7FE2609626A014E300A23478 /* LaunchScreen.storyboard */,
				7FE2609926A014E300A23478 /* Info.plist */,
			);
			path = IOSJourney;
			sourceTree = "<group>";
		};
		7FE260A026A02C6B00A23478 /* popup animation */ = {
			isa = PBXGroup;
			children = (
				7FE260A126A02C8400A23478 /* SlidingView.swift */,
			);
			path = "popup animation";
			sourceTree = "<group>";
		};
/* End PBXGroup section */

/* Begin PBXNativeTarget section */
		7FE2608726A014DA00A23478 /* IOSJourney */ = {
			isa = PBXNativeTarget;
			buildConfigurationList = 7FE2609C26A014E300A23478 /* Build configuration list for PBXNativeTarget "IOSJourney" */;
			buildPhases = (
				7FE2608426A014DA00A23478 /* Sources */,
				7FE2608526A014DA00A23478 /* Frameworks */,
				7FE2608626A014DA00A23478 /* Resources */,
			);
			buildRules = (
			);
			dependencies = (
			);
			name = IOSJourney;
			productName = IOSJourney;
			productReference = 7FE2608826A014DA00A23478 /* IOSJourney.app */;
			productType = "com.apple.product-type.application";
		};
/* End PBXNativeTarget section */

/* Begin PBXProject section */
		7FE2608026A014DA00A23478 /* Project object */ = {
			isa = PBXProject;
			attributes = {
				LastSwiftUpdateCheck = 1240;
				LastUpgradeCheck = 1240;
				TargetAttributes = {
					7FE2608726A014DA00A23478 = {
						CreatedOnToolsVersion = 12.4;
					};
				};
			};
			buildConfigurationList = 7FE2608326A014DA00A23478 /* Build configuration list for PBXProject "IOSJourney" */;
			compatibilityVersion = "Xcode 9.3";
			developmentRegion = en;
			hasScannedForEncodings = 0;
			knownRegions = (
				en,
				Base,
			);
			mainGroup = 7FE2607F26A014DA00A23478;
			productRefGroup = 7FE2608926A014DA00A23478 /* Products */;
			projectDirPath = "";
			projectRoot = "";
			targets = (
				7FE2608726A014DA00A23478 /* IOSJourney */,
			);
		};
/* End PBXProject section */

/* Begin PBXResourcesBuildPhase section */
		7FE2608626A014DA00A23478 /* Resources */ = {
			isa = PBXResourcesBuildPhase;
			buildActionMask = 2147483647;
			files = (
				7FE2609826A014E300A23478 /* LaunchScreen.storyboard in Resources */,
				7FE2609526A014E300A23478 /* Assets.xcassets in Resources */,
				7FE2609326A014DA00A23478 /* Main.storyboard in Resources */,
			);
			runOnlyForDeploymentPostprocessing = 0;
		};
/* End PBXResourcesBuildPhase section */

/* Begin PBXSourcesBuildPhase section */
		7FE2608426A014DA00A23478 /* Sources */ = {
			isa = PBXSourcesBuildPhase;
			buildActionMask = 2147483647;
			files = (
				7FE2609026A014DA00A23478 /* ViewController.swift in Sources */,
				7FE260A226A02C8400A23478 /* SlidingView.swift in Sources */,
				7FE2608C26A014DA00A23478 /* AppDelegate.swift in Sources */,
				7FE2608E26A014DA00A23478 /* SceneDelegate.swift in Sources */,
			);
			runOnlyForDeploymentPostprocessing = 0;
		};
/* End PBXSourcesBuildPhase section */

/* Begin PBXVariantGroup section */
		7FE2609126A014DA00A23478 /* Main.storyboard */ = {
			isa = PBXVariantGroup;
			children = (
				7FE2609226A014DA00A23478 /* Base */,
			);
			name = Main.storyboard;
			sourceTree = "<group>";
		};
		7FE2609626A014E300A23478 /* LaunchScreen.storyboard */ = {
			isa = PBXVariantGroup;
			children = (
				7FE2609726A014E300A23478 /* Base */,
			);
			name = LaunchScreen.storyboard;
			sourceTree = "<group>";
		};
/* End PBXVariantGroup section */

/* Begin XCBuildConfiguration section */
		7FE2609A26A014E300A23478 /* Debug */ = {
			isa = XCBuildConfiguration;
			buildSettings = {
				ALWAYS_SEARCH_USER_PATHS = NO;
				CLANG_ANALYZER_NONNULL = YES;
				CLANG_ANALYZER_NUMBER_OBJECT_CONVERSION = YES_AGGRESSIVE;
				CLANG_CXX_LANGUAGE_STANDARD = "gnu++14";
				CLANG_CXX_LIBRARY = "libc++";
				CLANG_ENABLE_MODULES = YES;
				CLANG_ENABLE_OBJC_ARC = YES;
				CLANG_ENABLE_OBJC_WEAK = YES;
				CLANG_WARN_BLOCK_CAPTURE_AUTORELEASING = YES;
				CLANG_WARN_BOOL_CONVERSION = YES;
				CLANG_WARN_COMMA = YES;
				CLANG_WARN_CONSTANT_CONVERSION = YES;
				CLANG_WARN_DEPRECATED_OBJC_IMPLEMENTATIONS = YES;
				CLANG_WARN_DIRECT_OBJC_ISA_USAGE = YES_ERROR;
				CLANG_WARN_DOCUMENTATION_COMMENTS = YES;
				CLANG_WARN_EMPTY_BODY = YES;
				CLANG_WARN_ENUM_CONVERSION = YES;
				CLANG_WARN_INFINITE_RECURSION = YES;
				CLANG_WARN_INT_CONVERSION = YES;
				CLANG_WARN_NON_LITERAL_NULL_CONVERSION = YES;
				CLANG_WARN_OBJC_IMPLICIT_RETAIN_SELF = YES;
				CLANG_WARN_OBJC_LITERAL_CONVERSION = YES;
				CLANG_WARN_OBJC_ROOT_CLASS = YES_ERROR;
				CLANG_WARN_QUOTED_INCLUDE_IN_FRAMEWORK_HEADER = YES;
				CLANG_WARN_RANGE_LOOP_ANALYSIS = YES;
				CLANG_WARN_STRICT_PROTOTYPES = YES;
				CLANG_WARN_SUSPICIOUS_MOVE = YES;
				CLANG_WARN_UNGUARDED_AVAILABILITY = YES_AGGRESSIVE;
				CLANG_WARN_UNREACHABLE_CODE = YES;
				CLANG_WARN__DUPLICATE_METHOD_MATCH = YES;
				COPY_PHASE_STRIP = NO;
				DEBUG_INFORMATION_FORMAT = dwarf;
				ENABLE_STRICT_OBJC_MSGSEND = YES;
				ENABLE_TESTABILITY = YES;
				GCC_C_LANGUAGE_STANDARD = gnu11;
				GCC_DYNAMIC_NO_PIC = NO;
				GCC_NO_COMMON_BLOCKS = YES;
				GCC_OPTIMIZATION_LEVEL = 0;
				GCC_PREPROCESSOR_DEFINITIONS = (
					"DEBUG=1",
					"$(inherited)",
				);
				GCC_WARN_64_TO_32_BIT_CONVERSION = YES;
				GCC_WARN_ABOUT_RETURN_TYPE = YES_ERROR;
				GCC_WARN_UNDECLARED_SELECTOR = YES;
				GCC_WARN_UNINITIALIZED_AUTOS = YES_AGGRESSIVE;
				GCC_WARN_UNUSED_FUNCTION = YES;
				GCC_WARN_UNUSED_VARIABLE = YES;
				IPHONEOS_DEPLOYMENT_TARGET = 14.4;
				MTL_ENABLE_DEBUG_INFO = INCLUDE_SOURCE;
				MTL_FAST_MATH = YES;
				ONLY_ACTIVE_ARCH = YES;
				SDKROOT = iphoneos;
				SWIFT_ACTIVE_COMPILATION_CONDITIONS = DEBUG;
				SWIFT_OPTIMIZATION_LEVEL = "-Onone";
			};
			name = Debug;
		};
		7FE2609B26A014E300A23478 /* Release */ = {
			isa = XCBuildConfiguration;
			buildSettings = {
				ALWAYS_SEARCH_USER_PATHS = NO;
				CLANG_ANALYZER_NONNULL = YES;
				CLANG_ANALYZER_NUMBER_OBJECT_CONVERSION = YES_AGGRESSIVE;
				CLANG_CXX_LANGUAGE_STANDARD = "gnu++14";
				CLANG_CXX_LIBRARY = "libc++";
				CLANG_ENABLE_MODULES = YES;
				CLANG_ENABLE_OBJC_ARC = YES;
				CLANG_ENABLE_OBJC_WEAK = YES;
				CLANG_WARN_BLOCK_CAPTURE_AUTORELEASING = YES;
				CLANG_WARN_BOOL_CONVERSION = YES;
				CLANG_WARN_COMMA = YES;
				CLANG_WARN_CONSTANT_CONVERSION = YES;
				CLANG_WARN_DEPRECATED_OBJC_IMPLEMENTATIONS = YES;
				CLANG_WARN_DIRECT_OBJC_ISA_USAGE = YES_ERROR;
				CLANG_WARN_DOCUMENTATION_COMMENTS = YES;
				CLANG_WARN_EMPTY_BODY = YES;
				CLANG_WARN_ENUM_CONVERSION = YES;
				CLANG_WARN_INFINITE_RECURSION = YES;
				CLANG_WARN_INT_CONVERSION = YES;
				CLANG_WARN_NON_LITERAL_NULL_CONVERSION = YES;
				CLANG_WARN_OBJC_IMPLICIT_RETAIN_SELF = YES;
				CLANG_WARN_OBJC_LITERAL_CONVERSION = YES;
				CLANG_WARN_OBJC_ROOT_CLASS = YES_ERROR;
				CLANG_WARN_QUOTED_INCLUDE_IN_FRAMEWORK_HEADER = YES;
				CLANG_WARN_RANGE_LOOP_ANALYSIS = YES;
				CLANG_WARN_STRICT_PROTOTYPES = YES;
				CLANG_WARN_SUSPICIOUS_MOVE = YES;
				CLANG_WARN_UNGUARDED_AVAILABILITY = YES_AGGRESSIVE;
				CLANG_WARN_UNREACHABLE_CODE = YES;
				CLANG_WARN__DUPLICATE_METHOD_MATCH = YES;
				COPY_PHASE_STRIP = NO;
				DEBUG_INFORMATION_FORMAT = "dwarf-with-dsym";
				ENABLE_NS_ASSERTIONS = NO;
				ENABLE_STRICT_OBJC_MSGSEND = YES;
				GCC_C_LANGUAGE_STANDARD = gnu11;
				GCC_NO_COMMON_BLOCKS = YES;
				GCC_WARN_64_TO_32_BIT_CONVERSION = YES;
				GCC_WARN_ABOUT_RETURN_TYPE = YES_ERROR;
				GCC_WARN_UNDECLARED_SELECTOR = YES;
				GCC_WARN_UNINITIALIZED_AUTOS = YES_AGGRESSIVE;
				GCC_WARN_UNUSED_FUNCTION = YES;
				GCC_WARN_UNUSED_VARIABLE = YES;
				IPHONEOS_DEPLOYMENT_TARGET = 14.4;
				MTL_ENABLE_DEBUG_INFO = NO;
				MTL_FAST_MATH = YES;
				SDKROOT = iphoneos;
				SWIFT_COMPILATION_MODE = wholemodule;
				SWIFT_OPTIMIZATION_LEVEL = "-O";
				VALIDATE_PRODUCT = YES;
			};
			name = Release;
		};
		7FE2609D26A014E300A23478 /* Debug */ = {
			isa = XCBuildConfiguration;
			buildSettings = {
				ASSETCATALOG_COMPILER_APPICON_NAME = AppIcon;
				ASSETCATALOG_COMPILER_GLOBAL_ACCENT_COLOR_NAME = AccentColor;
				CODE_SIGN_STYLE = Automatic;
				DEVELOPMENT_TEAM = RG62336UMN;
				INFOPLIST_FILE = IOSJourney/Info.plist;
				LD_RUNPATH_SEARCH_PATHS = (
					"$(inherited)",
					"@executable_path/Frameworks",
				);
				PRODUCT_BUNDLE_IDENTIFIER = com.chandi.IOSJourney;
				PRODUCT_NAME = "$(TARGET_NAME)";
				SWIFT_VERSION = 5.0;
				TARGETED_DEVICE_FAMILY = "1,2";
			};
			name = Debug;
		};
		7FE2609E26A014E300A23478 /* Release */ = {
			isa = XCBuildConfiguration;
			buildSettings = {
				ASSETCATALOG_COMPILER_APPICON_NAME = AppIcon;
				ASSETCATALOG_COMPILER_GLOBAL_ACCENT_COLOR_NAME = AccentColor;
				CODE_SIGN_STYLE = Automatic;
				DEVELOPMENT_TEAM = RG62336UMN;
				INFOPLIST_FILE = IOSJourney/Info.plist;
				LD_RUNPATH_SEARCH_PATHS = (
					"$(inherited)",
					"@executable_path/Frameworks",
				);
				PRODUCT_BUNDLE_IDENTIFIER = com.chandi.IOSJourney;
				PRODUCT_NAME = "$(TARGET_NAME)";
				SWIFT_VERSION = 5.0;
				TARGETED_DEVICE_FAMILY = "1,2";
			};
			name = Release;
		};
/* End XCBuildConfiguration section */

/* Begin XCConfigurationList section */
		7FE2608326A014DA00A23478 /* Build configuration list for PBXProject "IOSJourney" */ = {
			isa = XCConfigurationList;
			buildConfigurations = (
				7FE2609A26A014E300A23478 /* Debug */,
				7FE2609B26A014E300A23478 /* Release */,
			);
			defaultConfigurationIsVisible = 0;
			defaultConfigurationName = Release;
		};
		7FE2609C26A014E300A23478 /* Build configuration list for PBXNativeTarget "IOSJourney" */ = {
			isa = XCConfigurationList;
			buildConfigurations = (
				7FE2609D26A014E300A23478 /* Debug */,
				7FE2609E26A014E300A23478 /* Release */,
			);
			defaultConfigurationIsVisible = 0;
			defaultConfigurationName = Release;
		};
/* End XCConfigurationList section */
	};
	rootObject = 7FE2608026A014DA00A23478 /* Project object */;
}
